
Microsoft Visual Studio Solution File, Format Version 12.00
# Visual Studio 15
VisualStudioVersion = 15.0.28010.2046
MinimumVisualStudioVersion = 10.0.40219.1
Project("{FAE04EC0-301F-11D3-BF4B-00C04F79EFBC}") = "Predmetni_zadatak_1", "Predmetni_zadatak_1\Predmetni_zadatak_1.csproj", "{CEB3A4A2-9817-4A09-A5B1-FE7576F1990D}"
EndProject
Project("{FAE04EC0-301F-11D3-BF4B-00C04F79EFBC}") = "Classes", "Classes\Classes.csproj", "{14B63969-1133-4660-A056-193E93CCAB29}"
EndProject
Global
	GlobalSection(SolutionConfigurationPlatforms) = preSolution
		Debug|Any CPU = Debug|Any CPU
		Release|Any CPU = Release|Any CPU
	EndGlobalSection
	GlobalSection(ProjectConfigurationPlatforms) = postSolution
		{CEB3A4A2-9817-4A09-A5B1-FE7576F1990D}.Debug|Any CPU.ActiveCfg = Debug|Any CPU
		{CEB3A4A2-9817-4A09-A5B1-FE7576F1990D}.Debug|Any CPU.Build.0 = Debug|Any CPU
		{CEB3A4A2-9817-4A09-A5B1-FE7576F1990D}.Release|Any CPU.ActiveCfg = Release|Any CPU
		{CEB3A4A2-9817-4A09-A5B1-FE7576F1990D}.Release|Any CPU.Build.0 = Release|Any CPU
		{14B63969-1133-4660-A056-193E93CCAB29}.Debug|Any CPU.ActiveCfg = Debug|Any CPU
		{14B63969-1133-4660-A056-193E93CCAB29}.Debug|Any CPU.Build.0 = Debug|Any CPU
		{14B63969-1133-4660-A056-193E93CCAB29}.Release|Any CPU.ActiveCfg = Release|Any CPU
		{14B63969-1133-4660-A056-193E93CCAB29}.Release|Any CPU.Build.0 = Release|Any CPU
	EndGlobalSection
	GlobalSection(SolutionProperties) = preSolution
		HideSolutionNode = FALSE
	EndGlobalSection
	GlobalSection(ExtensibilityGlobals) = postSolution
		SolutionGuid = {1551719B-53EF-495C-BA13-F2B4E93F6264}
	EndGlobalSection
EndGlobal
